<<<<<<< HEAD
﻿
Microsoft Visual Studio Solution File, Format Version 12.00
# Visual Studio Version 17
VisualStudioVersion = 17.9.34728.123
MinimumVisualStudioVersion = 10.0.40219.1
Project("{FAE04EC0-301F-11D3-BF4B-00C04F79EFBC}") = "fechasPrimas", "fechasPrimas.csproj", "{22606FCE-55FE-4788-B42B-2B8688B57BD0}"
EndProject
Global
	GlobalSection(SolutionConfigurationPlatforms) = preSolution
		Debug|Any CPU = Debug|Any CPU
		Release|Any CPU = Release|Any CPU
	EndGlobalSection
	GlobalSection(ProjectConfigurationPlatforms) = postSolution
		{22606FCE-55FE-4788-B42B-2B8688B57BD0}.Debug|Any CPU.ActiveCfg = Debug|Any CPU
		{22606FCE-55FE-4788-B42B-2B8688B57BD0}.Debug|Any CPU.Build.0 = Debug|Any CPU
		{22606FCE-55FE-4788-B42B-2B8688B57BD0}.Release|Any CPU.ActiveCfg = Release|Any CPU
		{22606FCE-55FE-4788-B42B-2B8688B57BD0}.Release|Any CPU.Build.0 = Release|Any CPU
	EndGlobalSection
	GlobalSection(SolutionProperties) = preSolution
		HideSolutionNode = FALSE
	EndGlobalSection
	GlobalSection(ExtensibilityGlobals) = postSolution
		SolutionGuid = {B1B56AF3-E741-4003-8928-195454AFC863}
	EndGlobalSection
EndGlobal
=======
﻿
Microsoft Visual Studio Solution File, Format Version 12.00
# Visual Studio Version 16
VisualStudioVersion = 25.0.1706.11
MinimumVisualStudioVersion = 10.0.40219.1
Project("{FAE04EC0-301F-11D3-BF4B-00C04F79EFBC}") = "fechasPrimas", "fechasPrimas\fechasPrimas.csproj", "{C92B5C8C-A635-4080-B41E-41A5EEBECB55}"
EndProject
Global
	GlobalSection(SolutionConfigurationPlatforms) = preSolution
		Debug|Any CPU = Debug|Any CPU
		Release|Any CPU = Release|Any CPU
	EndGlobalSection
	GlobalSection(ProjectConfigurationPlatforms) = postSolution
		{C92B5C8C-A635-4080-B41E-41A5EEBECB55}.Debug|Any CPU.ActiveCfg = Debug|Any CPU
		{C92B5C8C-A635-4080-B41E-41A5EEBECB55}.Debug|Any CPU.Build.0 = Debug|Any CPU
		{C92B5C8C-A635-4080-B41E-41A5EEBECB55}.Release|Any CPU.ActiveCfg = Release|Any CPU
		{C92B5C8C-A635-4080-B41E-41A5EEBECB55}.Release|Any CPU.Build.0 = Release|Any CPU
	EndGlobalSection
	GlobalSection(SolutionProperties) = preSolution
		HideSolutionNode = FALSE
	EndGlobalSection
	GlobalSection(ExtensibilityGlobals) = postSolution
		SolutionGuid = {FA6EB5B5-5FA5-4B60-BED9-9D4024B22CBD}
	EndGlobalSection
EndGlobal
>>>>>>> fcebfc4cf32bd1bce1b8a386f6b223d723261f9d
