
Microsoft Visual Studio Solution File, Format Version 12.00
# Visual Studio Version 17
VisualStudioVersion = 17.9.34728.123
MinimumVisualStudioVersion = 10.0.40219.1
Project("{FAE04EC0-301F-11D3-BF4B-00C04F79EFBC}") = "practicasDateTime", "practicasDateTime.csproj", "{F09F81D8-5D9D-4779-976E-A6DF612118A6}"
EndProject
Global
	GlobalSection(SolutionConfigurationPlatforms) = preSolution
		Debug|Any CPU = Debug|Any CPU
		Release|Any CPU = Release|Any CPU
	EndGlobalSection
	GlobalSection(ProjectConfigurationPlatforms) = postSolution
		{F09F81D8-5D9D-4779-976E-A6DF612118A6}.Debug|Any CPU.ActiveCfg = Debug|Any CPU
		{F09F81D8-5D9D-4779-976E-A6DF612118A6}.Debug|Any CPU.Build.0 = Debug|Any CPU
		{F09F81D8-5D9D-4779-976E-A6DF612118A6}.Release|Any CPU.ActiveCfg = Release|Any CPU
		{F09F81D8-5D9D-4779-976E-A6DF612118A6}.Release|Any CPU.Build.0 = Release|Any CPU
	EndGlobalSection
	GlobalSection(SolutionProperties) = preSolution
		HideSolutionNode = FALSE
	EndGlobalSection
	GlobalSection(ExtensibilityGlobals) = postSolution
		SolutionGuid = {116A32F0-6083-4EFE-80C3-D8BC088FD7EC}
	EndGlobalSection
EndGlobal
