
Microsoft Visual Studio Solution File, Format Version 12.00
# Visual Studio Version 17
VisualStudioVersion = 17.9.34728.123
MinimumVisualStudioVersion = 10.0.40219.1
Project("{FAE04EC0-301F-11D3-BF4B-00C04F79EFBC}") = "WinFormsApp1", "WinFormsApp1.csproj", "{F15A33B1-DE0F-4DAF-9D6D-EA492B505FA7}"
EndProject
Project("{2150E333-8FDC-42A3-9474-1A3956D46DE8}") = "Elementos de la solución", "Elementos de la solución", "{CB410593-5ACD-4960-A3C1-1B809BD492AC}"
	ProjectSection(SolutionItems) = preProject
		boton1 = boton1
		boton1.cs = boton1.cs
	EndProjectSection
EndProject
Global
	GlobalSection(SolutionConfigurationPlatforms) = preSolution
		Debug|Any CPU = Debug|Any CPU
		Release|Any CPU = Release|Any CPU
	EndGlobalSection
	GlobalSection(ProjectConfigurationPlatforms) = postSolution
		{F15A33B1-DE0F-4DAF-9D6D-EA492B505FA7}.Debug|Any CPU.ActiveCfg = Debug|Any CPU
		{F15A33B1-DE0F-4DAF-9D6D-EA492B505FA7}.Debug|Any CPU.Build.0 = Debug|Any CPU
		{F15A33B1-DE0F-4DAF-9D6D-EA492B505FA7}.Release|Any CPU.ActiveCfg = Release|Any CPU
		{F15A33B1-DE0F-4DAF-9D6D-EA492B505FA7}.Release|Any CPU.Build.0 = Release|Any CPU
	EndGlobalSection
	GlobalSection(SolutionProperties) = preSolution
		HideSolutionNode = FALSE
	EndGlobalSection
	GlobalSection(ExtensibilityGlobals) = postSolution
		SolutionGuid = {C49F91A0-F67C-4D15-9704-499F68AE8365}
	EndGlobalSection
EndGlobal
