
Microsoft Visual Studio Solution File, Format Version 12.00
# Visual Studio Version 17
VisualStudioVersion = 17.9.34728.123
MinimumVisualStudioVersion = 10.0.40219.1
Project("{FAE04EC0-301F-11D3-BF4B-00C04F79EFBC}") = "CrudAdoNet", "CrudAdoNet.csproj", "{BA4DF360-D0B8-41D7-B15B-33367A3E4BE9}"
EndProject
Global
	GlobalSection(SolutionConfigurationPlatforms) = preSolution
		Debug|Any CPU = Debug|Any CPU
		Release|Any CPU = Release|Any CPU
	EndGlobalSection
	GlobalSection(ProjectConfigurationPlatforms) = postSolution
		{BA4DF360-D0B8-41D7-B15B-33367A3E4BE9}.Debug|Any CPU.ActiveCfg = Debug|Any CPU
		{BA4DF360-D0B8-41D7-B15B-33367A3E4BE9}.Debug|Any CPU.Build.0 = Debug|Any CPU
		{BA4DF360-D0B8-41D7-B15B-33367A3E4BE9}.Release|Any CPU.ActiveCfg = Release|Any CPU
		{BA4DF360-D0B8-41D7-B15B-33367A3E4BE9}.Release|Any CPU.Build.0 = Release|Any CPU
	EndGlobalSection
	GlobalSection(SolutionProperties) = preSolution
		HideSolutionNode = FALSE
	EndGlobalSection
	GlobalSection(ExtensibilityGlobals) = postSolution
		SolutionGuid = {95224E03-4CE8-4CCC-91F0-73FEB3E905CB}
	EndGlobalSection
EndGlobal
